
Microsoft Visual Studio Solution File, Format Version 12.00
# Visual Studio Version 17
VisualStudioVersion = 17.1.32210.238
MinimumVisualStudioVersion = 10.0.40219.1
Project("{8BC9CEB8-8B4A-11D0-8D11-00A0C91BC942}") = "gamex86_64", "gamex86_64.vcxproj", "{CD3AA687-3AC0-420A-A2CC-67981024D51B}"
EndProject
Global
	GlobalSection(SolutionConfigurationPlatforms) = preSolution
		Release|x64 = Release|x64
	EndGlobalSection
	GlobalSection(ProjectConfigurationPlatforms) = postSolution
		{CD3AA687-3AC0-420A-A2CC-67981024D51B}.Release|x64.ActiveCfg = Release|x64
		{CD3AA687-3AC0-420A-A2CC-67981024D51B}.Release|x64.Build.0 = Release|x64
	EndGlobalSection
	GlobalSection(SolutionProperties) = preSolution
		HideSolutionNode = FALSE
	EndGlobalSection
	GlobalSection(ExtensibilityGlobals) = postSolution
		SolutionGuid = {EC034E5C-0459-4B0D-9721-688F3D163705}
	EndGlobalSection
EndGlobal
